{
  "name": "myapplication",
  "version": "1.0.0",
  "lockfileVersion": 1,
  "requires": true,
  "dependencies": {
    "@ohos/vcard": {
      "version": "2.0.2",
      "resolved": "http://repo.harmonyos.com/npm/@ohos/vcard/-/@ohos/vcard-2.0.2.tgz",
      "integrity": "sha512-H1ZLRNk45TMjg6DLwYPVm1/kO12VYek1l3jGYaay5mEOx9Xi6swmkCmpuMRL/RCCfZ1qSn6WNgj7l7GKkKZM8w=="
    }
  }
}
